
Microsoft Visual Studio Solution File, Format Version 11.00
# Visual Studio 2010
Project("{FAE04EC0-301F-11D3-BF4B-00C04F79EFBC}") = "WebsiteTrial", "WebsiteTrial\WebsiteTrial.csproj", "{58CEEBA4-493F-4362-8089-653253377E5E}"
EndProject
Project("{FAE04EC0-301F-11D3-BF4B-00C04F79EFBC}") = "DataHelper", "DataHelper\DataHelper.csproj", "{5A449202-CF0C-46EA-A470-A3E460CD4F40}"
EndProject
Project("{FAE04EC0-301F-11D3-BF4B-00C04F79EFBC}") = "SMS", "SMS\SMS.csproj", "{556E9BDB-0C22-4E8E-933C-B705C4A54C2E}"
EndProject
Project("{FAE04EC0-301F-11D3-BF4B-00C04F79EFBC}") = "SMSSync", "SMSSync\SMSSync.csproj", "{B7DE24B1-01BF-4C64-86BD-17DA615BF895}"
EndProject
Project("{FAE04EC0-301F-11D3-BF4B-00C04F79EFBC}") = "MailHelper", "MailHelper\MailHelper.csproj", "{C4339BC1-DDC7-4E5C-A810-0B81BF3B59C4}"
EndProject
Global
	GlobalSection(SolutionConfigurationPlatforms) = preSolution
		Debug|Any CPU = Debug|Any CPU
		Debug|Mixed Platforms = Debug|Mixed Platforms
		Debug|x86 = Debug|x86
		Release|Any CPU = Release|Any CPU
		Release|Mixed Platforms = Release|Mixed Platforms
		Release|x86 = Release|x86
	EndGlobalSection
	GlobalSection(ProjectConfigurationPlatforms) = postSolution
		{58CEEBA4-493F-4362-8089-653253377E5E}.Debug|Any CPU.ActiveCfg = Debug|Any CPU
		{58CEEBA4-493F-4362-8089-653253377E5E}.Debug|Any CPU.Build.0 = Debug|Any CPU
		{58CEEBA4-493F-4362-8089-653253377E5E}.Debug|Mixed Platforms.ActiveCfg = Debug|Any CPU
		{58CEEBA4-493F-4362-8089-653253377E5E}.Debug|Mixed Platforms.Build.0 = Debug|Any CPU
		{58CEEBA4-493F-4362-8089-653253377E5E}.Debug|x86.ActiveCfg = Debug|Any CPU
		{58CEEBA4-493F-4362-8089-653253377E5E}.Release|Any CPU.ActiveCfg = Release|Any CPU
		{58CEEBA4-493F-4362-8089-653253377E5E}.Release|Any CPU.Build.0 = Release|Any CPU
		{58CEEBA4-493F-4362-8089-653253377E5E}.Release|Mixed Platforms.ActiveCfg = Release|Any CPU
		{58CEEBA4-493F-4362-8089-653253377E5E}.Release|Mixed Platforms.Build.0 = Release|Any CPU
		{58CEEBA4-493F-4362-8089-653253377E5E}.Release|x86.ActiveCfg = Release|Any CPU
		{5A449202-CF0C-46EA-A470-A3E460CD4F40}.Debug|Any CPU.ActiveCfg = Debug|Any CPU
		{5A449202-CF0C-46EA-A470-A3E460CD4F40}.Debug|Any CPU.Build.0 = Debug|Any CPU
		{5A449202-CF0C-46EA-A470-A3E460CD4F40}.Debug|Mixed Platforms.ActiveCfg = Debug|Any CPU
		{5A449202-CF0C-46EA-A470-A3E460CD4F40}.Debug|Mixed Platforms.Build.0 = Debug|Any CPU
		{5A449202-CF0C-46EA-A470-A3E460CD4F40}.Debug|x86.ActiveCfg = Debug|Any CPU
		{5A449202-CF0C-46EA-A470-A3E460CD4F40}.Release|Any CPU.ActiveCfg = Release|Any CPU
		{5A449202-CF0C-46EA-A470-A3E460CD4F40}.Release|Any CPU.Build.0 = Release|Any CPU
		{5A449202-CF0C-46EA-A470-A3E460CD4F40}.Release|Mixed Platforms.ActiveCfg = Release|Any CPU
		{5A449202-CF0C-46EA-A470-A3E460CD4F40}.Release|Mixed Platforms.Build.0 = Release|Any CPU
		{5A449202-CF0C-46EA-A470-A3E460CD4F40}.Release|x86.ActiveCfg = Release|Any CPU
		{556E9BDB-0C22-4E8E-933C-B705C4A54C2E}.Debug|Any CPU.ActiveCfg = Debug|Any CPU
		{556E9BDB-0C22-4E8E-933C-B705C4A54C2E}.Debug|Any CPU.Build.0 = Debug|Any CPU
		{556E9BDB-0C22-4E8E-933C-B705C4A54C2E}.Debug|Mixed Platforms.ActiveCfg = Debug|Any CPU
		{556E9BDB-0C22-4E8E-933C-B705C4A54C2E}.Debug|Mixed Platforms.Build.0 = Debug|Any CPU
		{556E9BDB-0C22-4E8E-933C-B705C4A54C2E}.Debug|x86.ActiveCfg = Debug|Any CPU
		{556E9BDB-0C22-4E8E-933C-B705C4A54C2E}.Release|Any CPU.ActiveCfg = Release|Any CPU
		{556E9BDB-0C22-4E8E-933C-B705C4A54C2E}.Release|Any CPU.Build.0 = Release|Any CPU
		{556E9BDB-0C22-4E8E-933C-B705C4A54C2E}.Release|Mixed Platforms.ActiveCfg = Release|Any CPU
		{556E9BDB-0C22-4E8E-933C-B705C4A54C2E}.Release|Mixed Platforms.Build.0 = Release|Any CPU
		{556E9BDB-0C22-4E8E-933C-B705C4A54C2E}.Release|x86.ActiveCfg = Release|Any CPU
		{B7DE24B1-01BF-4C64-86BD-17DA615BF895}.Debug|Any CPU.ActiveCfg = Debug|x86
		{B7DE24B1-01BF-4C64-86BD-17DA615BF895}.Debug|Mixed Platforms.ActiveCfg = Debug|x86
		{B7DE24B1-01BF-4C64-86BD-17DA615BF895}.Debug|Mixed Platforms.Build.0 = Debug|x86
		{B7DE24B1-01BF-4C64-86BD-17DA615BF895}.Debug|x86.ActiveCfg = Debug|x86
		{B7DE24B1-01BF-4C64-86BD-17DA615BF895}.Debug|x86.Build.0 = Debug|x86
		{B7DE24B1-01BF-4C64-86BD-17DA615BF895}.Release|Any CPU.ActiveCfg = Release|x86
		{B7DE24B1-01BF-4C64-86BD-17DA615BF895}.Release|Mixed Platforms.ActiveCfg = Release|x86
		{B7DE24B1-01BF-4C64-86BD-17DA615BF895}.Release|Mixed Platforms.Build.0 = Release|x86
		{B7DE24B1-01BF-4C64-86BD-17DA615BF895}.Release|x86.ActiveCfg = Release|x86
		{B7DE24B1-01BF-4C64-86BD-17DA615BF895}.Release|x86.Build.0 = Release|x86
		{C4339BC1-DDC7-4E5C-A810-0B81BF3B59C4}.Debug|Any CPU.ActiveCfg = Debug|Any CPU
		{C4339BC1-DDC7-4E5C-A810-0B81BF3B59C4}.Debug|Any CPU.Build.0 = Debug|Any CPU
		{C4339BC1-DDC7-4E5C-A810-0B81BF3B59C4}.Debug|Mixed Platforms.ActiveCfg = Debug|Any CPU
		{C4339BC1-DDC7-4E5C-A810-0B81BF3B59C4}.Debug|Mixed Platforms.Build.0 = Debug|Any CPU
		{C4339BC1-DDC7-4E5C-A810-0B81BF3B59C4}.Debug|x86.ActiveCfg = Debug|Any CPU
		{C4339BC1-DDC7-4E5C-A810-0B81BF3B59C4}.Release|Any CPU.ActiveCfg = Release|Any CPU
		{C4339BC1-DDC7-4E5C-A810-0B81BF3B59C4}.Release|Any CPU.Build.0 = Release|Any CPU
		{C4339BC1-DDC7-4E5C-A810-0B81BF3B59C4}.Release|Mixed Platforms.ActiveCfg = Release|Any CPU
		{C4339BC1-DDC7-4E5C-A810-0B81BF3B59C4}.Release|Mixed Platforms.Build.0 = Release|Any CPU
		{C4339BC1-DDC7-4E5C-A810-0B81BF3B59C4}.Release|x86.ActiveCfg = Release|Any CPU
	EndGlobalSection
	GlobalSection(SolutionProperties) = preSolution
		HideSolutionNode = FALSE
	EndGlobalSection
EndGlobal
